
Microsoft Visual Studio Solution File, Format Version 12.00
# Visual Studio Version 17
VisualStudioVersion = 17.4.33205.214
MinimumVisualStudioVersion = 10.0.40219.1
Project("{FAE04EC0-301F-11D3-BF4B-00C04F79EFBC}") = "Game", "Game\Game.csproj", "{6F6C5C36-06DC-4408-8658-8F79A44136BE}"
EndProject
Global
	GlobalSection(SolutionConfigurationPlatforms) = preSolution
		Debug|Any CPU = Debug|Any CPU
		Release|Any CPU = Release|Any CPU
	EndGlobalSection
	GlobalSection(ProjectConfigurationPlatforms) = postSolution
		{6F6C5C36-06DC-4408-8658-8F79A44136BE}.Debug|Any CPU.ActiveCfg = Debug|Any CPU
		{6F6C5C36-06DC-4408-8658-8F79A44136BE}.Debug|Any CPU.Build.0 = Debug|Any CPU
		{6F6C5C36-06DC-4408-8658-8F79A44136BE}.Release|Any CPU.ActiveCfg = Release|Any CPU
		{6F6C5C36-06DC-4408-8658-8F79A44136BE}.Release|Any CPU.Build.0 = Release|Any CPU
	EndGlobalSection
	GlobalSection(SolutionProperties) = preSolution
		HideSolutionNode = FALSE
	EndGlobalSection
	GlobalSection(ExtensibilityGlobals) = postSolution
		SolutionGuid = {0B52096C-2422-4D70-AE6F-7DE391719BBA}
	EndGlobalSection
EndGlobal
